<?xml version="1.0" encoding="utf-8"?>
<Project ToolsVersion="4.0" xmlns="http://schemas.microsoft.com/developer/msbuild/2003">
  <ItemGroup>
    <Filter Include="Loader">
      <UniqueIdentifier>{686cd37a-7246-497d-9ead-eea90c5730ad}</UniqueIdentifier>
    </Filter>
    <Filter Include="Base">
      <UniqueIdentifier>{e9b232b5-1bf7-494d-8dec-ccbec68ada2a}</UniqueIdentifier>
    </Filter>
    <Filter Include="Instance">
      <UniqueIdentifier>{9c171672-4092-4f9b-8399-afc30c7faac3}</UniqueIdentifier>
    </Filter>
    <Filter Include="DebugUtilsMessenger">
      <UniqueIdentifier>{0a673ecb-e872-4cb6-8c22-0e068d5dbb40}</UniqueIdentifier>
    </Filter>
    <Filter Include="PhysicalDevice">
      <UniqueIdentifier>{7bff6141-553d-4a55-89dc-8b766aff0805}</UniqueIdentifier>
    </Filter>
  </ItemGroup>
  <ItemGroup>
    <ClInclude Include="VulkanLoader.h">
      <Filter>Loader</Filter>
    </ClInclude>
    <ClInclude Include="Vulkan.h">
      <Filter>Base</Filter>
    </ClInclude>
    <ClInclude Include="VulkanProc.h">
      <Filter>Base</Filter>
    </ClInclude>
    <ClInclude Include="VulkanInstance.h">
      <Filter>Instance</Filter>
    </ClInclude>
    <ClInclude Include="DebugUtilsMessenger.h">
      <Filter>DebugUtilsMessenger</Filter>
    </ClInclude>
    <ClInclude Include="PhysicalDevice.h">
      <Filter>PhysicalDevice</Filter>
    </ClInclude>
  </ItemGroup>
  <ItemGroup>
    <ClCompile Include="VulkanLoader.cpp">
      <Filter>Loader</Filter>
    </ClCompile>
    <ClCompile Include="VulkanInstance.cpp">
      <Filter>Instance</Filter>
    </ClCompile>
    <ClCompile Include="DebugUtilsMessenger.cpp">
      <Filter>DebugUtilsMessenger</Filter>
    </ClCompile>
    <ClCompile Include="PhysicalDevice.cpp">
      <Filter>PhysicalDevice</Filter>
    </ClCompile>
  </ItemGroup>
</Project>