<?xml version="1.0" encoding="utf-8"?>
<Project ToolsVersion="4.0" xmlns="http://schemas.microsoft.com/developer/msbuild/2003">
  <ItemGroup>
    <Filter Include="Engine">
      <UniqueIdentifier>{15795e5f-6341-4d18-9a69-5d113eb7b43c}</UniqueIdentifier>
    </Filter>
    <Filter Include="Support">
      <UniqueIdentifier>{7ebd03b7-0df1-4545-8b1d-7a61f55ef892}</UniqueIdentifier>
    </Filter>
    <Filter Include="PhysicalDevicePicker">
      <UniqueIdentifier>{03f6f706-1fdf-49a0-b115-91fbd4431b1e}</UniqueIdentifier>
    </Filter>
  </ItemGroup>
  <ItemGroup>
    <ClInclude Include="RenderingEngine.h">
      <Filter>Engine</Filter>
    </ClInclude>
    <ClInclude Include="InstanceSupport.h">
      <Filter>Support</Filter>
    </ClInclude>
    <ClInclude Include="PhysicalDevicePicker.h">
      <Filter>PhysicalDevicePicker</Filter>
    </ClInclude>
  </ItemGroup>
  <ItemGroup>
    <ClCompile Include="RenderingEngine.cpp">
      <Filter>Engine</Filter>
    </ClCompile>
    <ClCompile Include="InstanceSupport.cpp">
      <Filter>Support</Filter>
    </ClCompile>
    <ClCompile Include="PhysicalDevicePicker.cpp">
      <Filter>PhysicalDevicePicker</Filter>
    </ClCompile>
  </ItemGroup>
</Project>